
Microsoft Visual Studio Solution File, Format Version 12.00
# Visual Studio 2013
VisualStudioVersion = 12.0.40629.0
MinimumVisualStudioVersion = 10.0.40219.1
Project("{FAE04EC0-301F-11D3-BF4B-00C04F79EFBC}") = "models", "models\models.csproj", "{FE7E295F-A8C9-4B86-BD41-951F70F7943A}"
EndProject
Project("{FAE04EC0-301F-11D3-BF4B-00C04F79EFBC}") = "Console", "Console\Console.csproj", "{F3303EFA-91E3-4446-8113-EA0C6DB528CD}"
EndProject
Global
	GlobalSection(SolutionConfigurationPlatforms) = preSolution
		Debug|Any CPU = Debug|Any CPU
		Release|Any CPU = Release|Any CPU
	EndGlobalSection
	GlobalSection(ProjectConfigurationPlatforms) = postSolution
		{FE7E295F-A8C9-4B86-BD41-951F70F7943A}.Debug|Any CPU.ActiveCfg = Debug|Any CPU
		{FE7E295F-A8C9-4B86-BD41-951F70F7943A}.Debug|Any CPU.Build.0 = Debug|Any CPU
		{FE7E295F-A8C9-4B86-BD41-951F70F7943A}.Release|Any CPU.ActiveCfg = Release|Any CPU
		{FE7E295F-A8C9-4B86-BD41-951F70F7943A}.Release|Any CPU.Build.0 = Release|Any CPU
		{F3303EFA-91E3-4446-8113-EA0C6DB528CD}.Debug|Any CPU.ActiveCfg = Debug|Any CPU
		{F3303EFA-91E3-4446-8113-EA0C6DB528CD}.Debug|Any CPU.Build.0 = Debug|Any CPU
		{F3303EFA-91E3-4446-8113-EA0C6DB528CD}.Release|Any CPU.ActiveCfg = Release|Any CPU
		{F3303EFA-91E3-4446-8113-EA0C6DB528CD}.Release|Any CPU.Build.0 = Release|Any CPU
	EndGlobalSection
	GlobalSection(SolutionProperties) = preSolution
		HideSolutionNode = FALSE
	EndGlobalSection
EndGlobal
